
Microsoft Visual Studio Solution File, Format Version 12.00
# Visual Studio Version 17
VisualStudioVersion = 17.12.35527.113
MinimumVisualStudioVersion = 10.0.40219.1
Project("{FAE04EC0-301F-11D3-BF4B-00C04F79EFBC}") = "HNSW", "HNSW\HNSW.csproj", "{DAD8CED6-2581-4AC4-B134-64BF616C0EEA}"
EndProject
Project("{FAE04EC0-301F-11D3-BF4B-00C04F79EFBC}") = "HNSW.Tests", "HNSW.Tests\HNSWIndex.Tests.csproj", "{91927842-1C3B-43B6-B1FA-003826FAF8AD}"
EndProject
Project("{FAE04EC0-301F-11D3-BF4B-00C04F79EFBC}") = "HNSWIndex.Profiler", "HNSWIndex.Profiler\HNSWIndex.Profiler.csproj", "{E25356A8-CC8D-4910-8245-AF4907B7648D}"
EndProject
Project("{FAE04EC0-301F-11D3-BF4B-00C04F79EFBC}") = "HNSW.Demo", "HNSW.Demo\HNSW.Demo.csproj", "{FE51977C-8F90-4731-8405-E9CF3D43A6C8}"
EndProject
Global
	GlobalSection(SolutionConfigurationPlatforms) = preSolution
		Debug|Any CPU = Debug|Any CPU
		Debug|ARM32 = Debug|ARM32
		Debug|x64 = Debug|x64
		Debug|x86 = Debug|x86
		Release|Any CPU = Release|Any CPU
		Release|ARM32 = Release|ARM32
		Release|x64 = Release|x64
		Release|x86 = Release|x86
	EndGlobalSection
	GlobalSection(ProjectConfigurationPlatforms) = postSolution
		{DAD8CED6-2581-4AC4-B134-64BF616C0EEA}.Debug|Any CPU.ActiveCfg = Debug|Any CPU
		{DAD8CED6-2581-4AC4-B134-64BF616C0EEA}.Debug|Any CPU.Build.0 = Debug|Any CPU
		{DAD8CED6-2581-4AC4-B134-64BF616C0EEA}.Debug|ARM32.ActiveCfg = Debug|Any CPU
		{DAD8CED6-2581-4AC4-B134-64BF616C0EEA}.Debug|ARM32.Build.0 = Debug|Any CPU
		{DAD8CED6-2581-4AC4-B134-64BF616C0EEA}.Debug|x64.ActiveCfg = Debug|x64
		{DAD8CED6-2581-4AC4-B134-64BF616C0EEA}.Debug|x64.Build.0 = Debug|x64
		{DAD8CED6-2581-4AC4-B134-64BF616C0EEA}.Debug|x86.ActiveCfg = Debug|x86
		{DAD8CED6-2581-4AC4-B134-64BF616C0EEA}.Debug|x86.Build.0 = Debug|x86
		{DAD8CED6-2581-4AC4-B134-64BF616C0EEA}.Release|Any CPU.ActiveCfg = Release|Any CPU
		{DAD8CED6-2581-4AC4-B134-64BF616C0EEA}.Release|Any CPU.Build.0 = Release|Any CPU
		{DAD8CED6-2581-4AC4-B134-64BF616C0EEA}.Release|ARM32.ActiveCfg = Release|Any CPU
		{DAD8CED6-2581-4AC4-B134-64BF616C0EEA}.Release|ARM32.Build.0 = Release|Any CPU
		{DAD8CED6-2581-4AC4-B134-64BF616C0EEA}.Release|x64.ActiveCfg = Release|x64
		{DAD8CED6-2581-4AC4-B134-64BF616C0EEA}.Release|x64.Build.0 = Release|x64
		{DAD8CED6-2581-4AC4-B134-64BF616C0EEA}.Release|x86.ActiveCfg = Release|x86
		{DAD8CED6-2581-4AC4-B134-64BF616C0EEA}.Release|x86.Build.0 = Release|x86
		{91927842-1C3B-43B6-B1FA-003826FAF8AD}.Debug|Any CPU.ActiveCfg = Debug|Any CPU
		{91927842-1C3B-43B6-B1FA-003826FAF8AD}.Debug|Any CPU.Build.0 = Debug|Any CPU
		{91927842-1C3B-43B6-B1FA-003826FAF8AD}.Debug|ARM32.ActiveCfg = Debug|Any CPU
		{91927842-1C3B-43B6-B1FA-003826FAF8AD}.Debug|ARM32.Build.0 = Debug|Any CPU
		{91927842-1C3B-43B6-B1FA-003826FAF8AD}.Debug|x64.ActiveCfg = Debug|Any CPU
		{91927842-1C3B-43B6-B1FA-003826FAF8AD}.Debug|x64.Build.0 = Debug|Any CPU
		{91927842-1C3B-43B6-B1FA-003826FAF8AD}.Debug|x86.ActiveCfg = Debug|Any CPU
		{91927842-1C3B-43B6-B1FA-003826FAF8AD}.Debug|x86.Build.0 = Debug|Any CPU
		{91927842-1C3B-43B6-B1FA-003826FAF8AD}.Release|Any CPU.ActiveCfg = Release|Any CPU
		{91927842-1C3B-43B6-B1FA-003826FAF8AD}.Release|Any CPU.Build.0 = Release|Any CPU
		{91927842-1C3B-43B6-B1FA-003826FAF8AD}.Release|ARM32.ActiveCfg = Release|Any CPU
		{91927842-1C3B-43B6-B1FA-003826FAF8AD}.Release|ARM32.Build.0 = Release|Any CPU
		{91927842-1C3B-43B6-B1FA-003826FAF8AD}.Release|x64.ActiveCfg = Release|Any CPU
		{91927842-1C3B-43B6-B1FA-003826FAF8AD}.Release|x64.Build.0 = Release|Any CPU
		{91927842-1C3B-43B6-B1FA-003826FAF8AD}.Release|x86.ActiveCfg = Release|Any CPU
		{91927842-1C3B-43B6-B1FA-003826FAF8AD}.Release|x86.Build.0 = Release|Any CPU
		{E25356A8-CC8D-4910-8245-AF4907B7648D}.Debug|Any CPU.ActiveCfg = Debug|Any CPU
		{E25356A8-CC8D-4910-8245-AF4907B7648D}.Debug|Any CPU.Build.0 = Debug|Any CPU
		{E25356A8-CC8D-4910-8245-AF4907B7648D}.Debug|ARM32.ActiveCfg = Debug|ARM32
		{E25356A8-CC8D-4910-8245-AF4907B7648D}.Debug|ARM32.Build.0 = Debug|ARM32
		{E25356A8-CC8D-4910-8245-AF4907B7648D}.Debug|x64.ActiveCfg = Debug|Any CPU
		{E25356A8-CC8D-4910-8245-AF4907B7648D}.Debug|x64.Build.0 = Debug|Any CPU
		{E25356A8-CC8D-4910-8245-AF4907B7648D}.Debug|x86.ActiveCfg = Debug|Any CPU
		{E25356A8-CC8D-4910-8245-AF4907B7648D}.Debug|x86.Build.0 = Debug|Any CPU
		{E25356A8-CC8D-4910-8245-AF4907B7648D}.Release|Any CPU.ActiveCfg = Release|Any CPU
		{E25356A8-CC8D-4910-8245-AF4907B7648D}.Release|Any CPU.Build.0 = Release|Any CPU
		{E25356A8-CC8D-4910-8245-AF4907B7648D}.Release|ARM32.ActiveCfg = Release|ARM32
		{E25356A8-CC8D-4910-8245-AF4907B7648D}.Release|ARM32.Build.0 = Release|ARM32
		{E25356A8-CC8D-4910-8245-AF4907B7648D}.Release|x64.ActiveCfg = Release|Any CPU
		{E25356A8-CC8D-4910-8245-AF4907B7648D}.Release|x64.Build.0 = Release|Any CPU
		{E25356A8-CC8D-4910-8245-AF4907B7648D}.Release|x86.ActiveCfg = Release|Any CPU
		{E25356A8-CC8D-4910-8245-AF4907B7648D}.Release|x86.Build.0 = Release|Any CPU
		{FE51977C-8F90-4731-8405-E9CF3D43A6C8}.Debug|Any CPU.ActiveCfg = Debug|Any CPU
		{FE51977C-8F90-4731-8405-E9CF3D43A6C8}.Debug|Any CPU.Build.0 = Debug|Any CPU
		{FE51977C-8F90-4731-8405-E9CF3D43A6C8}.Debug|ARM32.ActiveCfg = Debug|Any CPU
		{FE51977C-8F90-4731-8405-E9CF3D43A6C8}.Debug|ARM32.Build.0 = Debug|Any CPU
		{FE51977C-8F90-4731-8405-E9CF3D43A6C8}.Debug|x64.ActiveCfg = Debug|Any CPU
		{FE51977C-8F90-4731-8405-E9CF3D43A6C8}.Debug|x64.Build.0 = Debug|Any CPU
		{FE51977C-8F90-4731-8405-E9CF3D43A6C8}.Debug|x86.ActiveCfg = Debug|Any CPU
		{FE51977C-8F90-4731-8405-E9CF3D43A6C8}.Debug|x86.Build.0 = Debug|Any CPU
		{FE51977C-8F90-4731-8405-E9CF3D43A6C8}.Release|Any CPU.ActiveCfg = Release|Any CPU
		{FE51977C-8F90-4731-8405-E9CF3D43A6C8}.Release|Any CPU.Build.0 = Release|Any CPU
		{FE51977C-8F90-4731-8405-E9CF3D43A6C8}.Release|ARM32.ActiveCfg = Release|Any CPU
		{FE51977C-8F90-4731-8405-E9CF3D43A6C8}.Release|ARM32.Build.0 = Release|Any CPU
		{FE51977C-8F90-4731-8405-E9CF3D43A6C8}.Release|x64.ActiveCfg = Release|Any CPU
		{FE51977C-8F90-4731-8405-E9CF3D43A6C8}.Release|x64.Build.0 = Release|Any CPU
		{FE51977C-8F90-4731-8405-E9CF3D43A6C8}.Release|x86.ActiveCfg = Release|Any CPU
		{FE51977C-8F90-4731-8405-E9CF3D43A6C8}.Release|x86.Build.0 = Release|Any CPU
	EndGlobalSection
	GlobalSection(SolutionProperties) = preSolution
		HideSolutionNode = FALSE
	EndGlobalSection
EndGlobal
