
Microsoft Visual Studio Solution File, Format Version 12.00
# Visual Studio Version 17
VisualStudioVersion = 17.9.34622.214
MinimumVisualStudioVersion = 10.0.40219.1
Project("{9A19103F-16F7-4668-BE54-9A1E7A4F7556}") = "MauiAppDemo", "MauiAppDemo\MauiAppDemo.csproj", "{BA0AAD97-1518-4347-A449-E975675E9CD6}"
EndProject
Project("{9A19103F-16F7-4668-BE54-9A1E7A4F7556}") = "Berry.Maui", "Berry.Maui\Berry.Maui\Berry.Maui.csproj", "{0AB2B281-7810-4323-B985-EBD622955197}"
EndProject
Global
	GlobalSection(SolutionConfigurationPlatforms) = preSolution
		Debug|Any CPU = Debug|Any CPU
		Release|Any CPU = Release|Any CPU
	EndGlobalSection
	GlobalSection(ProjectConfigurationPlatforms) = postSolution
		{BA0AAD97-1518-4347-A449-E975675E9CD6}.Debug|Any CPU.ActiveCfg = Debug|Any CPU
		{BA0AAD97-1518-4347-A449-E975675E9CD6}.Debug|Any CPU.Build.0 = Debug|Any CPU
		{BA0AAD97-1518-4347-A449-E975675E9CD6}.Debug|Any CPU.Deploy.0 = Debug|Any CPU
		{BA0AAD97-1518-4347-A449-E975675E9CD6}.Release|Any CPU.ActiveCfg = Release|Any CPU
		{BA0AAD97-1518-4347-A449-E975675E9CD6}.Release|Any CPU.Build.0 = Release|Any CPU
		{BA0AAD97-1518-4347-A449-E975675E9CD6}.Release|Any CPU.Deploy.0 = Release|Any CPU
		{0AB2B281-7810-4323-B985-EBD622955197}.Debug|Any CPU.ActiveCfg = Debug|Any CPU
		{0AB2B281-7810-4323-B985-EBD622955197}.Debug|Any CPU.Build.0 = Debug|Any CPU
		{0AB2B281-7810-4323-B985-EBD622955197}.Release|Any CPU.ActiveCfg = Release|Any CPU
		{0AB2B281-7810-4323-B985-EBD622955197}.Release|Any CPU.Build.0 = Release|Any CPU
	EndGlobalSection
	GlobalSection(SolutionProperties) = preSolution
		HideSolutionNode = FALSE
	EndGlobalSection
	GlobalSection(ExtensibilityGlobals) = postSolution
		SolutionGuid = {B8807331-C564-4F02-A116-FC2AA3A5C54C}
	EndGlobalSection
EndGlobal
