
Microsoft Visual Studio Solution File, Format Version 12.00
# Visual Studio Version 17
VisualStudioVersion = 17.6.33815.320
MinimumVisualStudioVersion = 10.0.40219.1
Project("{9A19103F-16F7-4668-BE54-9A1E7A4F7556}") = "WinSupervisor", "WinSupervisor\WinSupervisor.csproj", "{DE4B1398-697D-4972-9F40-23A548A59674}"
EndProject
Global
	GlobalSection(SolutionConfigurationPlatforms) = preSolution
		Debug|Any CPU = Debug|Any CPU
		Release|Any CPU = Release|Any CPU
	EndGlobalSection
	GlobalSection(ProjectConfigurationPlatforms) = postSolution
		{DE4B1398-697D-4972-9F40-23A548A59674}.Debug|Any CPU.ActiveCfg = Debug|Any CPU
		{DE4B1398-697D-4972-9F40-23A548A59674}.Debug|Any CPU.Build.0 = Debug|Any CPU
		{DE4B1398-697D-4972-9F40-23A548A59674}.Release|Any CPU.ActiveCfg = Release|Any CPU
		{DE4B1398-697D-4972-9F40-23A548A59674}.Release|Any CPU.Build.0 = Release|Any CPU
	EndGlobalSection
	GlobalSection(SolutionProperties) = preSolution
		HideSolutionNode = FALSE
	EndGlobalSection
	GlobalSection(ExtensibilityGlobals) = postSolution
		SolutionGuid = {8E5B9F15-54A2-42FC-8C78-28A144AE13C5}
	EndGlobalSection
EndGlobal
