
Microsoft Visual Studio Solution File, Format Version 12.00
# Visual Studio Version 17
VisualStudioVersion = 17.8.34330.188
MinimumVisualStudioVersion = 10.0.40219.1
Project("{FAE04EC0-301F-11D3-BF4B-00C04F79EFBC}") = "Avalonia.NScript", "source\NScript.Avalonia\Avalonia.NScript.csproj", "{738C98B2-CC77-4778-8158-3C773FBAA4DC}"
EndProject
Project("{FAE04EC0-301F-11D3-BF4B-00C04F79EFBC}") = "AvaloniaApp", "source\AvaloniaApp\AvaloniaApp.csproj", "{58B329EF-709F-891C-DDF3-D62E6DB6DA5D}"
EndProject
Project("{FAE04EC0-301F-11D3-BF4B-00C04F79EFBC}") = "AvaloniaApp.Desktop", "source\AvaloniaApp.Desktop\AvaloniaApp.Desktop.csproj", "{75D5ACE3-CA4C-BBA2-6F98-F8EEFE44694E}"
EndProject
Global
	GlobalSection(SolutionConfigurationPlatforms) = preSolution
		Debug|Any CPU = Debug|Any CPU
		Release|Any CPU = Release|Any CPU
	EndGlobalSection
	GlobalSection(ProjectConfigurationPlatforms) = postSolution
		{738C98B2-CC77-4778-8158-3C773FBAA4DC}.Debug|Any CPU.ActiveCfg = Debug|Any CPU
		{738C98B2-CC77-4778-8158-3C773FBAA4DC}.Debug|Any CPU.Build.0 = Debug|Any CPU
		{738C98B2-CC77-4778-8158-3C773FBAA4DC}.Release|Any CPU.ActiveCfg = Release|Any CPU
		{738C98B2-CC77-4778-8158-3C773FBAA4DC}.Release|Any CPU.Build.0 = Release|Any CPU
		{58B329EF-709F-891C-DDF3-D62E6DB6DA5D}.Debug|Any CPU.ActiveCfg = Debug|Any CPU
		{58B329EF-709F-891C-DDF3-D62E6DB6DA5D}.Debug|Any CPU.Build.0 = Debug|Any CPU
		{58B329EF-709F-891C-DDF3-D62E6DB6DA5D}.Release|Any CPU.ActiveCfg = Release|Any CPU
		{58B329EF-709F-891C-DDF3-D62E6DB6DA5D}.Release|Any CPU.Build.0 = Release|Any CPU
		{75D5ACE3-CA4C-BBA2-6F98-F8EEFE44694E}.Debug|Any CPU.ActiveCfg = Debug|Any CPU
		{75D5ACE3-CA4C-BBA2-6F98-F8EEFE44694E}.Debug|Any CPU.Build.0 = Debug|Any CPU
		{75D5ACE3-CA4C-BBA2-6F98-F8EEFE44694E}.Release|Any CPU.ActiveCfg = Release|Any CPU
		{75D5ACE3-CA4C-BBA2-6F98-F8EEFE44694E}.Release|Any CPU.Build.0 = Release|Any CPU
	EndGlobalSection
	GlobalSection(SolutionProperties) = preSolution
		HideSolutionNode = FALSE
	EndGlobalSection
	GlobalSection(ExtensibilityGlobals) = postSolution
		SolutionGuid = {D37625B5-E465-405D-B489-F1A1322719CB}
	EndGlobalSection
EndGlobal
